
Microsoft Visual Studio Solution File, Format Version 12.00
# Visual Studio 2013
VisualStudioVersion = 12.0.30501.0
MinimumVisualStudioVersion = 10.0.40219.1
Project("{F184B08F-C81C-45F6-A57F-5ABD9991F28F}") = "ReportsProj", "PerformaInv\ReportsProj.vbproj", "{49C6E86F-654D-406E-8D8D-F9F054E79397}"
EndProject
Global
	GlobalSection(SolutionConfigurationPlatforms) = preSolution
		Debug|Any CPU = Debug|Any CPU
		Release|Any CPU = Release|Any CPU
	EndGlobalSection
	GlobalSection(ProjectConfigurationPlatforms) = postSolution
		{49C6E86F-654D-406E-8D8D-F9F054E79397}.Debug|Any CPU.ActiveCfg = Debug|Any CPU
		{49C6E86F-654D-406E-8D8D-F9F054E79397}.Debug|Any CPU.Build.0 = Debug|Any CPU
		{49C6E86F-654D-406E-8D8D-F9F054E79397}.Release|Any CPU.ActiveCfg = Release|Any CPU
		{49C6E86F-654D-406E-8D8D-F9F054E79397}.Release|Any CPU.Build.0 = Release|Any CPU
	EndGlobalSection
	GlobalSection(SolutionProperties) = preSolution
		HideSolutionNode = FALSE
	EndGlobalSection
EndGlobal
